// !$*UTF8*$!
{
	archiveVersion = 1;
	classes = {
	};
	objectVersion = 50;
	objects = {

/* Begin PBXBuildFile section */
		10875DCA228A61A800A3C88A /* AppDelegate.swift in Sources */ = {isa = PBXBuildFile; fileRef = 10875DC9228A61A800A3C88A /* AppDelegate.swift */; };
		10875DCC228A61A800A3C88A /* ViewController.swift in Sources */ = {isa = PBXBuildFile; fileRef = 10875DCB228A61A800A3C88A /* ViewController.swift */; };
		10875DCF228A61A800A3C88A /* Main.storyboard in Resources */ = {isa = PBXBuildFile; fileRef = 10875DCD228A61A800A3C88A /* Main.storyboard */; };
		10875DD1228A61AA00A3C88A /* Assets.xcassets in Resources */ = {isa = PBXBuildFile; fileRef = 10875DD0228A61AA00A3C88A /* Assets.xcassets */; };
		10875DD4228A61AA00A3C88A /* LaunchScreen.storyboard in Resources */ = {isa = PBXBuildFile; fileRef = 10875DD2228A61AA00A3C88A /* LaunchScreen.storyboard */; };
		10875DDF228A61AA00A3C88A /* TestTextureLayoutTests.swift in Sources */ = {isa = PBXBuildFile; fileRef = 10875DDE228A61AA00A3C88A /* TestTextureLayoutTests.swift */; };
		10875DEA228A61AA00A3C88A /* TestTextureLayoutUITests.swift in Sources */ = {isa = PBXBuildFile; fileRef = 10875DE9228A61AA00A3C88A /* TestTextureLayoutUITests.swift */; };
		108ACC5A228BF79E00C0B810 /* EventCellNode.swift in Sources */ = {isa = PBXBuildFile; fileRef = 108ACC59228BF79E00C0B810 /* EventCellNode.swift */; };
		8AF32271C8F14D3BF46E8DA8 /* Pods_TestTextureLayoutUITests.framework in Frameworks */ = {isa = PBXBuildFile; fileRef = 0262FC82AC4B34655AF7E431 /* Pods_TestTextureLayoutUITests.framework */; };
		A7C5A7EB8D14523530511409 /* Pods_TestTextureLayout.framework in Frameworks */ = {isa = PBXBuildFile; fileRef = DBA869229B899A5B27790CA9 /* Pods_TestTextureLayout.framework */; };
		F3A9DD1666AFC0FC18B59A17 /* Pods_TestTextureLayoutTests.framework in Frameworks */ = {isa = PBXBuildFile; fileRef = 6CF32DBA11BFB004B91308BB /* Pods_TestTextureLayoutTests.framework */; };
/* End PBXBuildFile section */

/* Begin PBXContainerItemProxy section */
		10875DDB228A61AA00A3C88A /* PBXContainerItemProxy */ = {
			isa = PBXContainerItemProxy;
			containerPortal = 10875DBE228A61A800A3C88A /* Project object */;
			proxyType = 1;
			remoteGlobalIDString = 10875DC5228A61A800A3C88A;
			remoteInfo = TestTextureLayout;
		};
		10875DE6228A61AA00A3C88A /* PBXContainerItemProxy */ = {
			isa = PBXContainerItemProxy;
			containerPortal = 10875DBE228A61A800A3C88A /* Project object */;
			proxyType = 1;
			remoteGlobalIDString = 10875DC5228A61A800A3C88A;
			remoteInfo = TestTextureLayout;
		};
/* End PBXContainerItemProxy section */

/* Begin PBXFileReference section */
		0262FC82AC4B34655AF7E431 /* Pods_TestTextureLayoutUITests.framework */ = {isa = PBXFileReference; explicitFileType = wrapper.framework; includeInIndex = 0; path = Pods_TestTextureLayoutUITests.framework; sourceTree = BUILT_PRODUCTS_DIR; };
		10875DC6228A61A800A3C88A /* TestTextureLayout.app */ = {isa = PBXFileReference; explicitFileType = wrapper.application; includeInIndex = 0; path = TestTextureLayout.app; sourceTree = BUILT_PRODUCTS_DIR; };
		10875DC9228A61A800A3C88A /* AppDelegate.swift */ = {isa = PBXFileReference; lastKnownFileType = sourcecode.swift; path = AppDelegate.swift; sourceTree = "<group>"; };
		10875DCB228A61A800A3C88A /* ViewController.swift */ = {isa = PBXFileReference; lastKnownFileType = sourcecode.swift; path = ViewController.swift; sourceTree = "<group>"; };
		10875DCE228A61A800A3C88A /* Base */ = {isa = PBXFileReference; lastKnownFileType = file.storyboard; name = Base; path = Base.lproj/Main.storyboard; sourceTree = "<group>"; };
		10875DD0228A61AA00A3C88A /* Assets.xcassets */ = {isa = PBXFileReference; lastKnownFileType = folder.assetcatalog; path = Assets.xcassets; sourceTree = "<group>"; };
		10875DD3228A61AA00A3C88A /* Base */ = {isa = PBXFileReference; lastKnownFileType = file.storyboard; name = Base; path = Base.lproj/LaunchScreen.storyboard; sourceTree = "<group>"; };
		10875DD5228A61AA00A3C88A /* Info.plist */ = {isa = PBXFileReference; lastKnownFileType = text.plist.xml; path = Info.plist; sourceTree = "<group>"; };
		10875DDA228A61AA00A3C88A /* TestTextureLayoutTests.xctest */ = {isa = PBXFileReference; explicitFileType = wrapper.cfbundle; includeInIndex = 0; path = TestTextureLayoutTests.xctest; sourceTree = BUILT_PRODUCTS_DIR; };
		10875DDE228A61AA00A3C88A /* TestTextureLayoutTests.swift */ = {isa = PBXFileReference; lastKnownFileType = sourcecode.swift; path = TestTextureLayoutTests.swift; sourceTree = "<group>"; };
		10875DE0228A61AA00A3C88A /* Info.plist */ = {isa = PBXFileReference; lastKnownFileType = text.plist.xml; path = Info.plist; sourceTree = "<group>"; };
		10875DE5228A61AA00A3C88A /* TestTextureLayoutUITests.xctest */ = {isa = PBXFileReference; explicitFileType = wrapper.cfbundle; includeInIndex = 0; path = TestTextureLayoutUITests.xctest; sourceTree = BUILT_PRODUCTS_DIR; };
		10875DE9228A61AA00A3C88A /* TestTextureLayoutUITests.swift */ = {isa = PBXFileReference; lastKnownFileType = sourcecode.swift; path = TestTextureLayoutUITests.swift; sourceTree = "<group>"; };
		10875DEB228A61AA00A3C88A /* Info.plist */ = {isa = PBXFileReference; lastKnownFileType = text.plist.xml; path = Info.plist; sourceTree = "<group>"; };
		108ACC59228BF79E00C0B810 /* EventCellNode.swift */ = {isa = PBXFileReference; fileEncoding = 4; lastKnownFileType = sourcecode.swift; path = EventCellNode.swift; sourceTree = "<group>"; };
		6CF32DBA11BFB004B91308BB /* Pods_TestTextureLayoutTests.framework */ = {isa = PBXFileReference; explicitFileType = wrapper.framework; includeInIndex = 0; path = Pods_TestTextureLayoutTests.framework; sourceTree = BUILT_PRODUCTS_DIR; };
		817C7104E3492595ADFA70A2 /* Pods-TestTextureLayoutUITests.release.xcconfig */ = {isa = PBXFileReference; includeInIndex = 1; lastKnownFileType = text.xcconfig; name = "Pods-TestTextureLayoutUITests.release.xcconfig"; path = "Target Support Files/Pods-TestTextureLayoutUITests/Pods-TestTextureLayoutUITests.release.xcconfig"; sourceTree = "<group>"; };
		959F6CEB7B4BBE9E28B0682C /* Pods-TestTextureLayoutTests.release.xcconfig */ = {isa = PBXFileReference; includeInIndex = 1; lastKnownFileType = text.xcconfig; name = "Pods-TestTextureLayoutTests.release.xcconfig"; path = "Target Support Files/Pods-TestTextureLayoutTests/Pods-TestTextureLayoutTests.release.xcconfig"; sourceTree = "<group>"; };
		A392753E77C2932579AAC8B0 /* Pods-TestTextureLayoutTests.debug.xcconfig */ = {isa = PBXFileReference; includeInIndex = 1; lastKnownFileType = text.xcconfig; name = "Pods-TestTextureLayoutTests.debug.xcconfig"; path = "Target Support Files/Pods-TestTextureLayoutTests/Pods-TestTextureLayoutTests.debug.xcconfig"; sourceTree = "<group>"; };
		B8B6A90A047CADF29A6EA747 /* Pods-TestTextureLayout.release.xcconfig */ = {isa = PBXFileReference; includeInIndex = 1; lastKnownFileType = text.xcconfig; name = "Pods-TestTextureLayout.release.xcconfig"; path = "Target Support Files/Pods-TestTextureLayout/Pods-TestTextureLayout.release.xcconfig"; sourceTree = "<group>"; };
		DBA869229B899A5B27790CA9 /* Pods_TestTextureLayout.framework */ = {isa = PBXFileReference; explicitFileType = wrapper.framework; includeInIndex = 0; path = Pods_TestTextureLayout.framework; sourceTree = BUILT_PRODUCTS_DIR; };
		DBEBE72937770C06DC93DD19 /* Pods-TestTextureLayoutUITests.debug.xcconfig */ = {isa = PBXFileReference; includeInIndex = 1; lastKnownFileType = text.xcconfig; name = "Pods-TestTextureLayoutUITests.debug.xcconfig"; path = "Target Support Files/Pods-TestTextureLayoutUITests/Pods-TestTextureLayoutUITests.debug.xcconfig"; sourceTree = "<group>"; };
		F394A513A2DF151740ECC1E7 /* Pods-TestTextureLayout.debug.xcconfig */ = {isa = PBXFileReference; includeInIndex = 1; lastKnownFileType = text.xcconfig; name = "Pods-TestTextureLayout.debug.xcconfig"; path = "Target Support Files/Pods-TestTextureLayout/Pods-TestTextureLayout.debug.xcconfig"; sourceTree = "<group>"; };
/* End PBXFileReference section */

/* Begin PBXFrameworksBuildPhase section */
		10875DC3228A61A800A3C88A /* Frameworks */ = {
			isa = PBXFrameworksBuildPhase;
			buildActionMask = 2147483647;
			files = (
				A7C5A7EB8D14523530511409 /* Pods_TestTextureLayout.framework in Frameworks */,
			);
			runOnlyForDeploymentPostprocessing = 0;
		};
		10875DD7228A61AA00A3C88A /* Frameworks */ = {
			isa = PBXFrameworksBuildPhase;
			buildActionMask = 2147483647;
			files = (
				F3A9DD1666AFC0FC18B59A17 /* Pods_TestTextureLayoutTests.framework in Frameworks */,
			);
			runOnlyForDeploymentPostprocessing = 0;
		};
		10875DE2228A61AA00A3C88A /* Frameworks */ = {
			isa = PBXFrameworksBuildPhase;
			buildActionMask = 2147483647;
			files = (
				8AF32271C8F14D3BF46E8DA8 /* Pods_TestTextureLayoutUITests.framework in Frameworks */,
			);
			runOnlyForDeploymentPostprocessing = 0;
		};
/* End PBXFrameworksBuildPhase section */

/* Begin PBXGroup section */
		10875DBD228A61A800A3C88A = {
			isa = PBXGroup;
			children = (
				10875DC8228A61A800A3C88A /* TestTextureLayout */,
				10875DDD228A61AA00A3C88A /* TestTextureLayoutTests */,
				10875DE8228A61AA00A3C88A /* TestTextureLayoutUITests */,
				10875DC7228A61A800A3C88A /* Products */,
				D1841ACBAC244F8B9A3F9538 /* Pods */,
				13A732C5C6271181E091AE50 /* Frameworks */,
			);
			sourceTree = "<group>";
		};
		10875DC7228A61A800A3C88A /* Products */ = {
			isa = PBXGroup;
			children = (
				10875DC6228A61A800A3C88A /* TestTextureLayout.app */,
				10875DDA228A61AA00A3C88A /* TestTextureLayoutTests.xctest */,
				10875DE5228A61AA00A3C88A /* TestTextureLayoutUITests.xctest */,
			);
			name = Products;
			sourceTree = "<group>";
		};
		10875DC8228A61A800A3C88A /* TestTextureLayout */ = {
			isa = PBXGroup;
			children = (
				108ACC59228BF79E00C0B810 /* EventCellNode.swift */,
				10875DC9228A61A800A3C88A /* AppDelegate.swift */,
				10875DCB228A61A800A3C88A /* ViewController.swift */,
				10875DCD228A61A800A3C88A /* Main.storyboard */,
				10875DD0228A61AA00A3C88A /* Assets.xcassets */,
				10875DD2228A61AA00A3C88A /* LaunchScreen.storyboard */,
				10875DD5228A61AA00A3C88A /* Info.plist */,
			);
			path = TestTextureLayout;
			sourceTree = "<group>";
		};
		10875DDD228A61AA00A3C88A /* TestTextureLayoutTests */ = {
			isa = PBXGroup;
			children = (
				10875DDE228A61AA00A3C88A /* TestTextureLayoutTests.swift */,
				10875DE0228A61AA00A3C88A /* Info.plist */,
			);
			path = TestTextureLayoutTests;
			sourceTree = "<group>";
		};
		10875DE8228A61AA00A3C88A /* TestTextureLayoutUITests */ = {
			isa = PBXGroup;
			children = (
				10875DE9228A61AA00A3C88A /* TestTextureLayoutUITests.swift */,
				10875DEB228A61AA00A3C88A /* Info.plist */,
			);
			path = TestTextureLayoutUITests;
			sourceTree = "<group>";
		};
		13A732C5C6271181E091AE50 /* Frameworks */ = {
			isa = PBXGroup;
			children = (
				DBA869229B899A5B27790CA9 /* Pods_TestTextureLayout.framework */,
				6CF32DBA11BFB004B91308BB /* Pods_TestTextureLayoutTests.framework */,
				0262FC82AC4B34655AF7E431 /* Pods_TestTextureLayoutUITests.framework */,
			);
			name = Frameworks;
			sourceTree = "<group>";
		};
		D1841ACBAC244F8B9A3F9538 /* Pods */ = {
			isa = PBXGroup;
			children = (
				F394A513A2DF151740ECC1E7 /* Pods-TestTextureLayout.debug.xcconfig */,
				B8B6A90A047CADF29A6EA747 /* Pods-TestTextureLayout.release.xcconfig */,
				A392753E77C2932579AAC8B0 /* Pods-TestTextureLayoutTests.debug.xcconfig */,
				959F6CEB7B4BBE9E28B0682C /* Pods-TestTextureLayoutTests.release.xcconfig */,
				DBEBE72937770C06DC93DD19 /* Pods-TestTextureLayoutUITests.debug.xcconfig */,
				817C7104E3492595ADFA70A2 /* Pods-TestTextureLayoutUITests.release.xcconfig */,
			);
			path = Pods;
			sourceTree = "<group>";
		};
/* End PBXGroup section */

/* Begin PBXNativeTarget section */
		10875DC5228A61A800A3C88A /* TestTextureLayout */ = {
			isa = PBXNativeTarget;
			buildConfigurationList = 10875DEE228A61AA00A3C88A /* Build configuration list for PBXNativeTarget "TestTextureLayout" */;
			buildPhases = (
				DBE9559F2EE3A56B1503FBF8 /* [CP] Check Pods Manifest.lock */,
				10875DC2228A61A800A3C88A /* Sources */,
				10875DC3228A61A800A3C88A /* Frameworks */,
				10875DC4228A61A800A3C88A /* Resources */,
				3D8CC7AD3B9CB4CF26EE40D6 /* [CP] Embed Pods Frameworks */,
			);
			buildRules = (
			);
			dependencies = (
			);
			name = TestTextureLayout;
			productName = TestTextureLayout;
			productReference = 10875DC6228A61A800A3C88A /* TestTextureLayout.app */;
			productType = "com.apple.product-type.application";
		};
		10875DD9228A61AA00A3C88A /* TestTextureLayoutTests */ = {
			isa = PBXNativeTarget;
			buildConfigurationList = 10875DF1228A61AA00A3C88A /* Build configuration list for PBXNativeTarget "TestTextureLayoutTests" */;
			buildPhases = (
				C94058564D39D6B9B3461D60 /* [CP] Check Pods Manifest.lock */,
				10875DD6228A61AA00A3C88A /* Sources */,
				10875DD7228A61AA00A3C88A /* Frameworks */,
				10875DD8228A61AA00A3C88A /* Resources */,
			);
			buildRules = (
			);
			dependencies = (
				10875DDC228A61AA00A3C88A /* PBXTargetDependency */,
			);
			name = TestTextureLayoutTests;
			productName = TestTextureLayoutTests;
			productReference = 10875DDA228A61AA00A3C88A /* TestTextureLayoutTests.xctest */;
			productType = "com.apple.product-type.bundle.unit-test";
		};
		10875DE4228A61AA00A3C88A /* TestTextureLayoutUITests */ = {
			isa = PBXNativeTarget;
			buildConfigurationList = 10875DF4228A61AA00A3C88A /* Build configuration list for PBXNativeTarget "TestTextureLayoutUITests" */;
			buildPhases = (
				5A867C03C52B6B104D764D02 /* [CP] Check Pods Manifest.lock */,
				10875DE1228A61AA00A3C88A /* Sources */,
				10875DE2228A61AA00A3C88A /* Frameworks */,
				10875DE3228A61AA00A3C88A /* Resources */,
			);
			buildRules = (
			);
			dependencies = (
				10875DE7228A61AA00A3C88A /* PBXTargetDependency */,
			);
			name = TestTextureLayoutUITests;
			productName = TestTextureLayoutUITests;
			productReference = 10875DE5228A61AA00A3C88A /* TestTextureLayoutUITests.xctest */;
			productType = "com.apple.product-type.bundle.ui-testing";
		};
/* End PBXNativeTarget section */

/* Begin PBXProject section */
		10875DBE228A61A800A3C88A /* Project object */ = {
			isa = PBXProject;
			attributes = {
				LastSwiftUpdateCheck = 1020;
				LastUpgradeCheck = 1020;
				ORGANIZATIONNAME = susuyan;
				TargetAttributes = {
					10875DC5228A61A800A3C88A = {
						CreatedOnToolsVersion = 10.2.1;
					};
					10875DD9228A61AA00A3C88A = {
						CreatedOnToolsVersion = 10.2.1;
						TestTargetID = 10875DC5228A61A800A3C88A;
					};
					10875DE4228A61AA00A3C88A = {
						CreatedOnToolsVersion = 10.2.1;
						TestTargetID = 10875DC5228A61A800A3C88A;
					};
				};
			};
			buildConfigurationList = 10875DC1228A61A800A3C88A /* Build configuration list for PBXProject "TestTextureLayout" */;
			compatibilityVersion = "Xcode 9.3";
			developmentRegion = en;
			hasScannedForEncodings = 0;
			knownRegions = (
				en,
				Base,
			);
			mainGroup = 10875DBD228A61A800A3C88A;
			productRefGroup = 10875DC7228A61A800A3C88A /* Products */;
			projectDirPath = "";
			projectRoot = "";
			targets = (
				10875DC5228A61A800A3C88A /* TestTextureLayout */,
				10875DD9228A61AA00A3C88A /* TestTextureLayoutTests */,
				10875DE4228A61AA00A3C88A /* TestTextureLayoutUITests */,
			);
		};
/* End PBXProject section */

/* Begin PBXResourcesBuildPhase section */
		10875DC4228A61A800A3C88A /* Resources */ = {
			isa = PBXResourcesBuildPhase;
			buildActionMask = 2147483647;
			files = (
				10875DD4228A61AA00A3C88A /* LaunchScreen.storyboard in Resources */,
				10875DD1228A61AA00A3C88A /* Assets.xcassets in Resources */,
				10875DCF228A61A800A3C88A /* Main.storyboard in Resources */,
			);
			runOnlyForDeploymentPostprocessing = 0;
		};
		10875DD8228A61AA00A3C88A /* Resources */ = {
			isa = PBXResourcesBuildPhase;
			buildActionMask = 2147483647;
			files = (
			);
			runOnlyForDeploymentPostprocessing = 0;
		};
		10875DE3228A61AA00A3C88A /* Resources */ = {
			isa = PBXResourcesBuildPhase;
			buildActionMask = 2147483647;
			files = (
			);
			runOnlyForDeploymentPostprocessing = 0;
		};
/* End PBXResourcesBuildPhase section */

/* Begin PBXShellScriptBuildPhase section */
		3D8CC7AD3B9CB4CF26EE40D6 /* [CP] Embed Pods Frameworks */ = {
			isa = PBXShellScriptBuildPhase;
			buildActionMask = 2147483647;
			files = (
			);
			inputFileListPaths = (
			);
			inputPaths = (
				"${PODS_ROOT}/Target Support Files/Pods-TestTextureLayout/Pods-TestTextureLayout-frameworks.sh",
				"${BUILT_PRODUCTS_DIR}/PINCache/PINCache.framework",
				"${BUILT_PRODUCTS_DIR}/PINOperation/PINOperation.framework",
				"${BUILT_PRODUCTS_DIR}/PINRemoteImage/PINRemoteImage.framework",
				"${BUILT_PRODUCTS_DIR}/SnapKit/SnapKit.framework",
				"${BUILT_PRODUCTS_DIR}/SwiftyAttributes/SwiftyAttributes.framework",
				"${BUILT_PRODUCTS_DIR}/Texture/AsyncDisplayKit.framework",
			);
			name = "[CP] Embed Pods Frameworks";
			outputFileListPaths = (
			);
			outputPaths = (
				"${TARGET_BUILD_DIR}/${FRAMEWORKS_FOLDER_PATH}/PINCache.framework",
				"${TARGET_BUILD_DIR}/${FRAMEWORKS_FOLDER_PATH}/PINOperation.framework",
				"${TARGET_BUILD_DIR}/${FRAMEWORKS_FOLDER_PATH}/PINRemoteImage.framework",
				"${TARGET_BUILD_DIR}/${FRAMEWORKS_FOLDER_PATH}/SnapKit.framework",
				"${TARGET_BUILD_DIR}/${FRAMEWORKS_FOLDER_PATH}/SwiftyAttributes.framework",
				"${TARGET_BUILD_DIR}/${FRAMEWORKS_FOLDER_PATH}/AsyncDisplayKit.framework",
			);
			runOnlyForDeploymentPostprocessing = 0;
			shellPath = /bin/sh;
			shellScript = "\"${PODS_ROOT}/Target Support Files/Pods-TestTextureLayout/Pods-TestTextureLayout-frameworks.sh\"\n";
			showEnvVarsInLog = 0;
		};
		5A867C03C52B6B104D764D02 /* [CP] Check Pods Manifest.lock */ = {
			isa = PBXShellScriptBuildPhase;
			buildActionMask = 2147483647;
			files = (
			);
			inputFileListPaths = (
			);
			inputPaths = (
				"${PODS_PODFILE_DIR_PATH}/Podfile.lock",
				"${PODS_ROOT}/Manifest.lock",
			);
			name = "[CP] Check Pods Manifest.lock";
			outputFileListPaths = (
			);
			outputPaths = (
				"$(DERIVED_FILE_DIR)/Pods-TestTextureLayoutUITests-checkManifestLockResult.txt",
			);
			runOnlyForDeploymentPostprocessing = 0;
			shellPath = /bin/sh;
			shellScript = "diff \"${PODS_PODFILE_DIR_PATH}/Podfile.lock\" \"${PODS_ROOT}/Manifest.lock\" > /dev/null\nif [ $? != 0 ] ; then\n    # print error to STDERR\n    echo \"error: The sandbox is not in sync with the Podfile.lock. Run 'pod install' or update your CocoaPods installation.\" >&2\n    exit 1\nfi\n# This output is used by Xcode 'outputs' to avoid re-running this script phase.\necho \"SUCCESS\" > \"${SCRIPT_OUTPUT_FILE_0}\"\n";
			showEnvVarsInLog = 0;
		};
		C94058564D39D6B9B3461D60 /* [CP] Check Pods Manifest.lock */ = {
			isa = PBXShellScriptBuildPhase;
			buildActionMask = 2147483647;
			files = (
			);
			inputFileListPaths = (
			);
			inputPaths = (
				"${PODS_PODFILE_DIR_PATH}/Podfile.lock",
				"${PODS_ROOT}/Manifest.lock",
			);
			name = "[CP] Check Pods Manifest.lock";
			outputFileListPaths = (
			);
			outputPaths = (
				"$(DERIVED_FILE_DIR)/Pods-TestTextureLayoutTests-checkManifestLockResult.txt",
			);
			runOnlyForDeploymentPostprocessing = 0;
			shellPath = /bin/sh;
			shellScript = "diff \"${PODS_PODFILE_DIR_PATH}/Podfile.lock\" \"${PODS_ROOT}/Manifest.lock\" > /dev/null\nif [ $? != 0 ] ; then\n    # print error to STDERR\n    echo \"error: The sandbox is not in sync with the Podfile.lock. Run 'pod install' or update your CocoaPods installation.\" >&2\n    exit 1\nfi\n# This output is used by Xcode 'outputs' to avoid re-running this script phase.\necho \"SUCCESS\" > \"${SCRIPT_OUTPUT_FILE_0}\"\n";
			showEnvVarsInLog = 0;
		};
		DBE9559F2EE3A56B1503FBF8 /* [CP] Check Pods Manifest.lock */ = {
			isa = PBXShellScriptBuildPhase;
			buildActionMask = 2147483647;
			files = (
			);
			inputFileListPaths = (
			);
			inputPaths = (
				"${PODS_PODFILE_DIR_PATH}/Podfile.lock",
				"${PODS_ROOT}/Manifest.lock",
			);
			name = "[CP] Check Pods Manifest.lock";
			outputFileListPaths = (
			);
			outputPaths = (
				"$(DERIVED_FILE_DIR)/Pods-TestTextureLayout-checkManifestLockResult.txt",
			);
			runOnlyForDeploymentPostprocessing = 0;
			shellPath = /bin/sh;
			shellScript = "diff \"${PODS_PODFILE_DIR_PATH}/Podfile.lock\" \"${PODS_ROOT}/Manifest.lock\" > /dev/null\nif [ $? != 0 ] ; then\n    # print error to STDERR\n    echo \"error: The sandbox is not in sync with the Podfile.lock. Run 'pod install' or update your CocoaPods installation.\" >&2\n    exit 1\nfi\n# This output is used by Xcode 'outputs' to avoid re-running this script phase.\necho \"SUCCESS\" > \"${SCRIPT_OUTPUT_FILE_0}\"\n";
			showEnvVarsInLog = 0;
		};
/* End PBXShellScriptBuildPhase section */

/* Begin PBXSourcesBuildPhase section */
		10875DC2228A61A800A3C88A /* Sources */ = {
			isa = PBXSourcesBuildPhase;
			buildActionMask = 2147483647;
			files = (
				10875DCC228A61A800A3C88A /* ViewController.swift in Sources */,
				10875DCA228A61A800A3C88A /* AppDelegate.swift in Sources */,
				108ACC5A228BF79E00C0B810 /* EventCellNode.swift in Sources */,
			);
			runOnlyForDeploymentPostprocessing = 0;
		};
		10875DD6228A61AA00A3C88A /* Sources */ = {
			isa = PBXSourcesBuildPhase;
			buildActionMask = 2147483647;
			files = (
				10875DDF228A61AA00A3C88A /* TestTextureLayoutTests.swift in Sources */,
			);
			runOnlyForDeploymentPostprocessing = 0;
		};
		10875DE1228A61AA00A3C88A /* Sources */ = {
			isa = PBXSourcesBuildPhase;
			buildActionMask = 2147483647;
			files = (
				10875DEA228A61AA00A3C88A /* TestTextureLayoutUITests.swift in Sources */,
			);
			runOnlyForDeploymentPostprocessing = 0;
		};
/* End PBXSourcesBuildPhase section */

/* Begin PBXTargetDependency section */
		10875DDC228A61AA00A3C88A /* PBXTargetDependency */ = {
			isa = PBXTargetDependency;
			target = 10875DC5228A61A800A3C88A /* TestTextureLayout */;
			targetProxy = 10875DDB228A61AA00A3C88A /* PBXContainerItemProxy */;
		};
		10875DE7228A61AA00A3C88A /* PBXTargetDependency */ = {
			isa = PBXTargetDependency;
			target = 10875DC5228A61A800A3C88A /* TestTextureLayout */;
			targetProxy = 10875DE6228A61AA00A3C88A /* PBXContainerItemProxy */;
		};
/* End PBXTargetDependency section */

/* Begin PBXVariantGroup section */
		10875DCD228A61A800A3C88A /* Main.storyboard */ = {
			isa = PBXVariantGroup;
			children = (
				10875DCE228A61A800A3C88A /* Base */,
			);
			name = Main.storyboard;
			sourceTree = "<group>";
		};
		10875DD2228A61AA00A3C88A /* LaunchScreen.storyboard */ = {
			isa = PBXVariantGroup;
			children = (
				10875DD3228A61AA00A3C88A /* Base */,
			);
			name = LaunchScreen.storyboard;
			sourceTree = "<group>";
		};
/* End PBXVariantGroup section */

/* Begin XCBuildConfiguration section */
		10875DEC228A61AA00A3C88A /* Debug */ = {
			isa = XCBuildConfiguration;
			buildSettings = {
				ALWAYS_SEARCH_USER_PATHS = NO;
				CLANG_ANALYZER_NONNULL = YES;
				CLANG_ANALYZER_NUMBER_OBJECT_CONVERSION = YES_AGGRESSIVE;
				CLANG_CXX_LANGUAGE_STANDARD = "gnu++14";
				CLANG_CXX_LIBRARY = "libc++";
				CLANG_ENABLE_MODULES = YES;
				CLANG_ENABLE_OBJC_ARC = YES;
				CLANG_ENABLE_OBJC_WEAK = YES;
				CLANG_WARN_BLOCK_CAPTURE_AUTORELEASING = YES;
				CLANG_WARN_BOOL_CONVERSION = YES;
				CLANG_WARN_COMMA = YES;
				CLANG_WARN_CONSTANT_CONVERSION = YES;
				CLANG_WARN_DEPRECATED_OBJC_IMPLEMENTATIONS = YES;
				CLANG_WARN_DIRECT_OBJC_ISA_USAGE = YES_ERROR;
				CLANG_WARN_DOCUMENTATION_COMMENTS = YES;
				CLANG_WARN_EMPTY_BODY = YES;
				CLANG_WARN_ENUM_CONVERSION = YES;
				CLANG_WARN_INFINITE_RECURSION = YES;
				CLANG_WARN_INT_CONVERSION = YES;
				CLANG_WARN_NON_LITERAL_NULL_CONVERSION = YES;
				CLANG_WARN_OBJC_IMPLICIT_RETAIN_SELF = YES;
				CLANG_WARN_OBJC_LITERAL_CONVERSION = YES;
				CLANG_WARN_OBJC_ROOT_CLASS = YES_ERROR;
				CLANG_WARN_RANGE_LOOP_ANALYSIS = YES;
				CLANG_WARN_STRICT_PROTOTYPES = YES;
				CLANG_WARN_SUSPICIOUS_MOVE = YES;
				CLANG_WARN_UNGUARDED_AVAILABILITY = YES_AGGRESSIVE;
				CLANG_WARN_UNREACHABLE_CODE = YES;
				CLANG_WARN__DUPLICATE_METHOD_MATCH = YES;
				CODE_SIGN_IDENTITY = "iPhone Developer";
				COPY_PHASE_STRIP = NO;
				DEBUG_INFORMATION_FORMAT = dwarf;
				ENABLE_STRICT_OBJC_MSGSEND = YES;
				ENABLE_TESTABILITY = YES;
				GCC_C_LANGUAGE_STANDARD = gnu11;
				GCC_DYNAMIC_NO_PIC = NO;
				GCC_NO_COMMON_BLOCKS = YES;
				GCC_OPTIMIZATION_LEVEL = 0;
				GCC_PREPROCESSOR_DEFINITIONS = (
					"DEBUG=1",
					"$(inherited)",
				);
				GCC_WARN_64_TO_32_BIT_CONVERSION = YES;
				GCC_WARN_ABOUT_RETURN_TYPE = YES_ERROR;
				GCC_WARN_UNDECLARED_SELECTOR = YES;
				GCC_WARN_UNINITIALIZED_AUTOS = YES_AGGRESSIVE;
				GCC_WARN_UNUSED_FUNCTION = YES;
				GCC_WARN_UNUSED_VARIABLE = YES;
				IPHONEOS_DEPLOYMENT_TARGET = 12.2;
				MTL_ENABLE_DEBUG_INFO = INCLUDE_SOURCE;
				MTL_FAST_MATH = YES;
				ONLY_ACTIVE_ARCH = YES;
				SDKROOT = iphoneos;
				SWIFT_ACTIVE_COMPILATION_CONDITIONS = DEBUG;
				SWIFT_OPTIMIZATION_LEVEL = "-Onone";
			};
			name = Debug;
		};
		10875DED228A61AA00A3C88A /* Release */ = {
			isa = XCBuildConfiguration;
			buildSettings = {
				ALWAYS_SEARCH_USER_PATHS = NO;
				CLANG_ANALYZER_NONNULL = YES;
				CLANG_ANALYZER_NUMBER_OBJECT_CONVERSION = YES_AGGRESSIVE;
				CLANG_CXX_LANGUAGE_STANDARD = "gnu++14";
				CLANG_CXX_LIBRARY = "libc++";
				CLANG_ENABLE_MODULES = YES;
				CLANG_ENABLE_OBJC_ARC = YES;
				CLANG_ENABLE_OBJC_WEAK = YES;
				CLANG_WARN_BLOCK_CAPTURE_AUTORELEASING = YES;
				CLANG_WARN_BOOL_CONVERSION = YES;
				CLANG_WARN_COMMA = YES;
				CLANG_WARN_CONSTANT_CONVERSION = YES;
				CLANG_WARN_DEPRECATED_OBJC_IMPLEMENTATIONS = YES;
				CLANG_WARN_DIRECT_OBJC_ISA_USAGE = YES_ERROR;
				CLANG_WARN_DOCUMENTATION_COMMENTS = YES;
				CLANG_WARN_EMPTY_BODY = YES;
				CLANG_WARN_ENUM_CONVERSION = YES;
				CLANG_WARN_INFINITE_RECURSION = YES;
				CLANG_WARN_INT_CONVERSION = YES;
				CLANG_WARN_NON_LITERAL_NULL_CONVERSION = YES;
				CLANG_WARN_OBJC_IMPLICIT_RETAIN_SELF = YES;
				CLANG_WARN_OBJC_LITERAL_CONVERSION = YES;
				CLANG_WARN_OBJC_ROOT_CLASS = YES_ERROR;
				CLANG_WARN_RANGE_LOOP_ANALYSIS = YES;
				CLANG_WARN_STRICT_PROTOTYPES = YES;
				CLANG_WARN_SUSPICIOUS_MOVE = YES;
				CLANG_WARN_UNGUARDED_AVAILABILITY = YES_AGGRESSIVE;
				CLANG_WARN_UNREACHABLE_CODE = YES;
				CLANG_WARN__DUPLICATE_METHOD_MATCH = YES;
				CODE_SIGN_IDENTITY = "iPhone Developer";
				COPY_PHASE_STRIP = NO;
				DEBUG_INFORMATION_FORMAT = "dwarf-with-dsym";
				ENABLE_NS_ASSERTIONS = NO;
				ENABLE_STRICT_OBJC_MSGSEND = YES;
				GCC_C_LANGUAGE_STANDARD = gnu11;
				GCC_NO_COMMON_BLOCKS = YES;
				GCC_WARN_64_TO_32_BIT_CONVERSION = YES;
				GCC_WARN_ABOUT_RETURN_TYPE = YES_ERROR;
				GCC_WARN_UNDECLARED_SELECTOR = YES;
				GCC_WARN_UNINITIALIZED_AUTOS = YES_AGGRESSIVE;
				GCC_WARN_UNUSED_FUNCTION = YES;
				GCC_WARN_UNUSED_VARIABLE = YES;
				IPHONEOS_DEPLOYMENT_TARGET = 12.2;
				MTL_ENABLE_DEBUG_INFO = NO;
				MTL_FAST_MATH = YES;
				SDKROOT = iphoneos;
				SWIFT_COMPILATION_MODE = wholemodule;
				SWIFT_OPTIMIZATION_LEVEL = "-O";
				VALIDATE_PRODUCT = YES;
			};
			name = Release;
		};
		10875DEF228A61AA00A3C88A /* Debug */ = {
			isa = XCBuildConfiguration;
			baseConfigurationReference = F394A513A2DF151740ECC1E7 /* Pods-TestTextureLayout.debug.xcconfig */;
			buildSettings = {
				ASSETCATALOG_COMPILER_APPICON_NAME = AppIcon;
				CODE_SIGN_STYLE = Automatic;
				DEVELOPMENT_TEAM = DJD38W5HE9;
				INFOPLIST_FILE = TestTextureLayout/Info.plist;
				LD_RUNPATH_SEARCH_PATHS = (
					"$(inherited)",
					"@executable_path/Frameworks",
				);
				PRODUCT_BUNDLE_IDENTIFIER = susuyan.TestTextureLayout;
				PRODUCT_NAME = "$(TARGET_NAME)";
				SWIFT_VERSION = 5.0;
				TARGETED_DEVICE_FAMILY = "1,2";
			};
			name = Debug;
		};
		10875DF0228A61AA00A3C88A /* Release */ = {
			isa = XCBuildConfiguration;
			baseConfigurationReference = B8B6A90A047CADF29A6EA747 /* Pods-TestTextureLayout.release.xcconfig */;
			buildSettings = {
				ASSETCATALOG_COMPILER_APPICON_NAME = AppIcon;
				CODE_SIGN_STYLE = Automatic;
				DEVELOPMENT_TEAM = DJD38W5HE9;
				INFOPLIST_FILE = TestTextureLayout/Info.plist;
				LD_RUNPATH_SEARCH_PATHS = (
					"$(inherited)",
					"@executable_path/Frameworks",
				);
				PRODUCT_BUNDLE_IDENTIFIER = susuyan.TestTextureLayout;
				PRODUCT_NAME = "$(TARGET_NAME)";
				SWIFT_VERSION = 5.0;
				TARGETED_DEVICE_FAMILY = "1,2";
			};
			name = Release;
		};
		10875DF2228A61AA00A3C88A /* Debug */ = {
			isa = XCBuildConfiguration;
			baseConfigurationReference = A392753E77C2932579AAC8B0 /* Pods-TestTextureLayoutTests.debug.xcconfig */;
			buildSettings = {
				ALWAYS_EMBED_SWIFT_STANDARD_LIBRARIES = YES;
				BUNDLE_LOADER = "$(TEST_HOST)";
				CODE_SIGN_STYLE = Automatic;
				DEVELOPMENT_TEAM = DJD38W5HE9;
				INFOPLIST_FILE = TestTextureLayoutTests/Info.plist;
				LD_RUNPATH_SEARCH_PATHS = (
					"$(inherited)",
					"@executable_path/Frameworks",
					"@loader_path/Frameworks",
				);
				PRODUCT_BUNDLE_IDENTIFIER = susuyan.TestTextureLayoutTests;
				PRODUCT_NAME = "$(TARGET_NAME)";
				SWIFT_VERSION = 5.0;
				TARGETED_DEVICE_FAMILY = "1,2";
				TEST_HOST = "$(BUILT_PRODUCTS_DIR)/TestTextureLayout.app/TestTextureLayout";
			};
			name = Debug;
		};
		10875DF3228A61AA00A3C88A /* Release */ = {
			isa = XCBuildConfiguration;
			baseConfigurationReference = 959F6CEB7B4BBE9E28B0682C /* Pods-TestTextureLayoutTests.release.xcconfig */;
			buildSettings = {
				ALWAYS_EMBED_SWIFT_STANDARD_LIBRARIES = YES;
				BUNDLE_LOADER = "$(TEST_HOST)";
				CODE_SIGN_STYLE = Automatic;
				DEVELOPMENT_TEAM = DJD38W5HE9;
				INFOPLIST_FILE = TestTextureLayoutTests/Info.plist;
				LD_RUNPATH_SEARCH_PATHS = (
					"$(inherited)",
					"@executable_path/Frameworks",
					"@loader_path/Frameworks",
				);
				PRODUCT_BUNDLE_IDENTIFIER = susuyan.TestTextureLayoutTests;
				PRODUCT_NAME = "$(TARGET_NAME)";
				SWIFT_VERSION = 5.0;
				TARGETED_DEVICE_FAMILY = "1,2";
				TEST_HOST = "$(BUILT_PRODUCTS_DIR)/TestTextureLayout.app/TestTextureLayout";
			};
			name = Release;
		};
		10875DF5228A61AA00A3C88A /* Debug */ = {
			isa = XCBuildConfiguration;
			baseConfigurationReference = DBEBE72937770C06DC93DD19 /* Pods-TestTextureLayoutUITests.debug.xcconfig */;
			buildSettings = {
				ALWAYS_EMBED_SWIFT_STANDARD_LIBRARIES = YES;
				CODE_SIGN_STYLE = Automatic;
				DEVELOPMENT_TEAM = DJD38W5HE9;
				INFOPLIST_FILE = TestTextureLayoutUITests/Info.plist;
				LD_RUNPATH_SEARCH_PATHS = (
					"$(inherited)",
					"@executable_path/Frameworks",
					"@loader_path/Frameworks",
				);
				PRODUCT_BUNDLE_IDENTIFIER = susuyan.TestTextureLayoutUITests;
				PRODUCT_NAME = "$(TARGET_NAME)";
				SWIFT_VERSION = 5.0;
				TARGETED_DEVICE_FAMILY = "1,2";
				TEST_TARGET_NAME = TestTextureLayout;
			};
			name = Debug;
		};
		10875DF6228A61AA00A3C88A /* Release */ = {
			isa = XCBuildConfiguration;
			baseConfigurationReference = 817C7104E3492595ADFA70A2 /* Pods-TestTextureLayoutUITests.release.xcconfig */;
			buildSettings = {
				ALWAYS_EMBED_SWIFT_STANDARD_LIBRARIES = YES;
				CODE_SIGN_STYLE = Automatic;
				DEVELOPMENT_TEAM = DJD38W5HE9;
				INFOPLIST_FILE = TestTextureLayoutUITests/Info.plist;
				LD_RUNPATH_SEARCH_PATHS = (
					"$(inherited)",
					"@executable_path/Frameworks",
					"@loader_path/Frameworks",
				);
				PRODUCT_BUNDLE_IDENTIFIER = susuyan.TestTextureLayoutUITests;
				PRODUCT_NAME = "$(TARGET_NAME)";
				SWIFT_VERSION = 5.0;
				TARGETED_DEVICE_FAMILY = "1,2";
				TEST_TARGET_NAME = TestTextureLayout;
			};
			name = Release;
		};
/* End XCBuildConfiguration section */

/* Begin XCConfigurationList section */
		10875DC1228A61A800A3C88A /* Build configuration list for PBXProject "TestTextureLayout" */ = {
			isa = XCConfigurationList;
			buildConfigurations = (
				10875DEC228A61AA00A3C88A /* Debug */,
				10875DED228A61AA00A3C88A /* Release */,
			);
			defaultConfigurationIsVisible = 0;
			defaultConfigurationName = Release;
		};
		10875DEE228A61AA00A3C88A /* Build configuration list for PBXNativeTarget "TestTextureLayout" */ = {
			isa = XCConfigurationList;
			buildConfigurations = (
				10875DEF228A61AA00A3C88A /* Debug */,
				10875DF0228A61AA00A3C88A /* Release */,
			);
			defaultConfigurationIsVisible = 0;
			defaultConfigurationName = Release;
		};
		10875DF1228A61AA00A3C88A /* Build configuration list for PBXNativeTarget "TestTextureLayoutTests" */ = {
			isa = XCConfigurationList;
			buildConfigurations = (
				10875DF2228A61AA00A3C88A /* Debug */,
				10875DF3228A61AA00A3C88A /* Release */,
			);
			defaultConfigurationIsVisible = 0;
			defaultConfigurationName = Release;
		};
		10875DF4228A61AA00A3C88A /* Build configuration list for PBXNativeTarget "TestTextureLayoutUITests" */ = {
			isa = XCConfigurationList;
			buildConfigurations = (
				10875DF5228A61AA00A3C88A /* Debug */,
				10875DF6228A61AA00A3C88A /* Release */,
			);
			defaultConfigurationIsVisible = 0;
			defaultConfigurationName = Release;
		};
/* End XCConfigurationList section */
	};
	rootObject = 10875DBE228A61A800A3C88A /* Project object */;
}
